// !$*UTF8*$!
{
	archiveVersion = 1;
	classes = {
	};
	objectVersion = 56;
	objects = {

/* Begin PBXBuildFile section */
		3AF5DBD629DB6C170035919F /* AppDelegate.swift in Sources */ = {isa = PBXBuildFile; fileRef = 3AF5DBD529DB6C170035919F /* AppDelegate.swift */; };
		3AF5DBD829DB6C170035919F /* SceneDelegate.swift in Sources */ = {isa = PBXBuildFile; fileRef = 3AF5DBD729DB6C170035919F /* SceneDelegate.swift */; };
		3AF5DBDA29DB6C170035919F /* ViewController.swift in Sources */ = {isa = PBXBuildFile; fileRef = 3AF5DBD929DB6C170035919F /* ViewController.swift */; };
		3AF5DBDD29DB6C170035919F /* Main.storyboard in Resources */ = {isa = PBXBuildFile; fileRef = 3AF5DBDB29DB6C170035919F /* Main.storyboard */; };
		3AF5DBDF29DB6C180035919F /* Assets.xcassets in Resources */ = {isa = PBXBuildFile; fileRef = 3AF5DBDE29DB6C180035919F /* Assets.xcassets */; };
		3AF5DBE229DB6C180035919F /* LaunchScreen.storyboard in Resources */ = {isa = PBXBuildFile; fileRef = 3AF5DBE029DB6C180035919F /* LaunchScreen.storyboard */; };
		3AF5DBED29DB6C180035919F /* GithubFetchTests.swift in Sources */ = {isa = PBXBuildFile; fileRef = 3AF5DBEC29DB6C180035919F /* GithubFetchTests.swift */; };
		3AF5DBF729DB6C180035919F /* GithubFetchUITests.swift in Sources */ = {isa = PBXBuildFile; fileRef = 3AF5DBF629DB6C180035919F /* GithubFetchUITests.swift */; };
		3AF5DBF929DB6C180035919F /* GithubFetchUITestsLaunchTests.swift in Sources */ = {isa = PBXBuildFile; fileRef = 3AF5DBF829DB6C180035919F /* GithubFetchUITestsLaunchTests.swift */; };
		3AF5DC0629DB73410035919F /* DataController.swift in Sources */ = {isa = PBXBuildFile; fileRef = 3AF5DC0529DB73410035919F /* DataController.swift */; };
		3AF5DC0829DCC5F20035919F /* OrgsLogoCache.swift in Sources */ = {isa = PBXBuildFile; fileRef = 3AF5DC0729DCC5F20035919F /* OrgsLogoCache.swift */; };
		3AF5DC0929DCC5F20035919F /* OrgsLogoCache.swift in Sources */ = {isa = PBXBuildFile; fileRef = 3AF5DC0729DCC5F20035919F /* OrgsLogoCache.swift */; };
		3AF5DC0A29DCC5F20035919F /* OrgsLogoCache.swift in Sources */ = {isa = PBXBuildFile; fileRef = 3AF5DC0729DCC5F20035919F /* OrgsLogoCache.swift */; };
		3AF5DC0C29DE443C0035919F /* URLRequestHandler.swift in Sources */ = {isa = PBXBuildFile; fileRef = 3AF5DC0B29DE443C0035919F /* URLRequestHandler.swift */; };
		3AF5DC0D29DE443C0035919F /* URLRequestHandler.swift in Sources */ = {isa = PBXBuildFile; fileRef = 3AF5DC0B29DE443C0035919F /* URLRequestHandler.swift */; };
		3AF5DC0E29DE443C0035919F /* URLRequestHandler.swift in Sources */ = {isa = PBXBuildFile; fileRef = 3AF5DC0B29DE443C0035919F /* URLRequestHandler.swift */; };
		3AF5DC1029DE4C080035919F /* DataStore.swift in Sources */ = {isa = PBXBuildFile; fileRef = 3AF5DC0F29DE4C080035919F /* DataStore.swift */; };
		3AF5DC1129DE4C080035919F /* DataStore.swift in Sources */ = {isa = PBXBuildFile; fileRef = 3AF5DC0F29DE4C080035919F /* DataStore.swift */; };
		3AF5DC1229DE4C080035919F /* DataStore.swift in Sources */ = {isa = PBXBuildFile; fileRef = 3AF5DC0F29DE4C080035919F /* DataStore.swift */; };
/* End PBXBuildFile section */

/* Begin PBXContainerItemProxy section */
		3AF5DBE929DB6C180035919F /* PBXContainerItemProxy */ = {
			isa = PBXContainerItemProxy;
			containerPortal = 3AF5DBCA29DB6C170035919F /* Project object */;
			proxyType = 1;
			remoteGlobalIDString = 3AF5DBD129DB6C170035919F;
			remoteInfo = GithubFetch;
		};
		3AF5DBF329DB6C180035919F /* PBXContainerItemProxy */ = {
			isa = PBXContainerItemProxy;
			containerPortal = 3AF5DBCA29DB6C170035919F /* Project object */;
			proxyType = 1;
			remoteGlobalIDString = 3AF5DBD129DB6C170035919F;
			remoteInfo = GithubFetch;
		};
/* End PBXContainerItemProxy section */

/* Begin PBXFileReference section */
		3AF5DBD229DB6C170035919F /* GithubFetch.app */ = {isa = PBXFileReference; explicitFileType = wrapper.application; includeInIndex = 0; path = GithubFetch.app; sourceTree = BUILT_PRODUCTS_DIR; };
		3AF5DBD529DB6C170035919F /* AppDelegate.swift */ = {isa = PBXFileReference; lastKnownFileType = sourcecode.swift; path = AppDelegate.swift; sourceTree = "<group>"; };
		3AF5DBD729DB6C170035919F /* SceneDelegate.swift */ = {isa = PBXFileReference; lastKnownFileType = sourcecode.swift; path = SceneDelegate.swift; sourceTree = "<group>"; };
		3AF5DBD929DB6C170035919F /* ViewController.swift */ = {isa = PBXFileReference; lastKnownFileType = sourcecode.swift; path = ViewController.swift; sourceTree = "<group>"; };
		3AF5DBDC29DB6C170035919F /* Base */ = {isa = PBXFileReference; lastKnownFileType = file.storyboard; name = Base; path = Base.lproj/Main.storyboard; sourceTree = "<group>"; };
		3AF5DBDE29DB6C180035919F /* Assets.xcassets */ = {isa = PBXFileReference; lastKnownFileType = folder.assetcatalog; path = Assets.xcassets; sourceTree = "<group>"; };
		3AF5DBE129DB6C180035919F /* Base */ = {isa = PBXFileReference; lastKnownFileType = file.storyboard; name = Base; path = Base.lproj/LaunchScreen.storyboard; sourceTree = "<group>"; };
		3AF5DBE329DB6C180035919F /* Info.plist */ = {isa = PBXFileReference; lastKnownFileType = text.plist.xml; path = Info.plist; sourceTree = "<group>"; };
		3AF5DBE829DB6C180035919F /* GithubFetchTests.xctest */ = {isa = PBXFileReference; explicitFileType = wrapper.cfbundle; includeInIndex = 0; path = GithubFetchTests.xctest; sourceTree = BUILT_PRODUCTS_DIR; };
		3AF5DBEC29DB6C180035919F /* GithubFetchTests.swift */ = {isa = PBXFileReference; lastKnownFileType = sourcecode.swift; path = GithubFetchTests.swift; sourceTree = "<group>"; };
		3AF5DBF229DB6C180035919F /* GithubFetchUITests.xctest */ = {isa = PBXFileReference; explicitFileType = wrapper.cfbundle; includeInIndex = 0; path = GithubFetchUITests.xctest; sourceTree = BUILT_PRODUCTS_DIR; };
		3AF5DBF629DB6C180035919F /* GithubFetchUITests.swift */ = {isa = PBXFileReference; lastKnownFileType = sourcecode.swift; path = GithubFetchUITests.swift; sourceTree = "<group>"; };
		3AF5DBF829DB6C180035919F /* GithubFetchUITestsLaunchTests.swift */ = {isa = PBXFileReference; lastKnownFileType = sourcecode.swift; path = GithubFetchUITestsLaunchTests.swift; sourceTree = "<group>"; };
		3AF5DC0529DB73410035919F /* DataController.swift */ = {isa = PBXFileReference; lastKnownFileType = sourcecode.swift; path = DataController.swift; sourceTree = "<group>"; };
		3AF5DC0729DCC5F20035919F /* OrgsLogoCache.swift */ = {isa = PBXFileReference; lastKnownFileType = sourcecode.swift; path = OrgsLogoCache.swift; sourceTree = "<group>"; };
		3AF5DC0B29DE443C0035919F /* URLRequestHandler.swift */ = {isa = PBXFileReference; lastKnownFileType = sourcecode.swift; path = URLRequestHandler.swift; sourceTree = "<group>"; };
		3AF5DC0F29DE4C080035919F /* DataStore.swift */ = {isa = PBXFileReference; lastKnownFileType = sourcecode.swift; path = DataStore.swift; sourceTree = "<group>"; };
/* End PBXFileReference section */

/* Begin PBXFrameworksBuildPhase section */
		3AF5DBCF29DB6C170035919F /* Frameworks */ = {
			isa = PBXFrameworksBuildPhase;
			buildActionMask = 2147483647;
			files = (
			);
			runOnlyForDeploymentPostprocessing = 0;
		};
		3AF5DBE529DB6C180035919F /* Frameworks */ = {
			isa = PBXFrameworksBuildPhase;
			buildActionMask = 2147483647;
			files = (
			);
			runOnlyForDeploymentPostprocessing = 0;
		};
		3AF5DBEF29DB6C180035919F /* Frameworks */ = {
			isa = PBXFrameworksBuildPhase;
			buildActionMask = 2147483647;
			files = (
			);
			runOnlyForDeploymentPostprocessing = 0;
		};
/* End PBXFrameworksBuildPhase section */

/* Begin PBXGroup section */
		3AF5DBC929DB6C170035919F = {
			isa = PBXGroup;
			children = (
				3AF5DBD429DB6C170035919F /* GithubFetch */,
				3AF5DBEB29DB6C180035919F /* GithubFetchTests */,
				3AF5DBF529DB6C180035919F /* GithubFetchUITests */,
				3AF5DBD329DB6C170035919F /* Products */,
			);
			sourceTree = "<group>";
		};
		3AF5DBD329DB6C170035919F /* Products */ = {
			isa = PBXGroup;
			children = (
				3AF5DBD229DB6C170035919F /* GithubFetch.app */,
				3AF5DBE829DB6C180035919F /* GithubFetchTests.xctest */,
				3AF5DBF229DB6C180035919F /* GithubFetchUITests.xctest */,
			);
			name = Products;
			sourceTree = "<group>";
		};
		3AF5DBD429DB6C170035919F /* GithubFetch */ = {
			isa = PBXGroup;
			children = (
				3AF5DBD529DB6C170035919F /* AppDelegate.swift */,
				3AF5DBD729DB6C170035919F /* SceneDelegate.swift */,
				3AF5DBD929DB6C170035919F /* ViewController.swift */,
				3AF5DBDB29DB6C170035919F /* Main.storyboard */,
				3AF5DBDE29DB6C180035919F /* Assets.xcassets */,
				3AF5DBE029DB6C180035919F /* LaunchScreen.storyboard */,
				3AF5DBE329DB6C180035919F /* Info.plist */,
				3AF5DC0529DB73410035919F /* DataController.swift */,
				3AF5DC0729DCC5F20035919F /* OrgsLogoCache.swift */,
				3AF5DC0B29DE443C0035919F /* URLRequestHandler.swift */,
				3AF5DC0F29DE4C080035919F /* DataStore.swift */,
			);
			path = GithubFetch;
			sourceTree = "<group>";
		};
		3AF5DBEB29DB6C180035919F /* GithubFetchTests */ = {
			isa = PBXGroup;
			children = (
				3AF5DBEC29DB6C180035919F /* GithubFetchTests.swift */,
			);
			path = GithubFetchTests;
			sourceTree = "<group>";
		};
		3AF5DBF529DB6C180035919F /* GithubFetchUITests */ = {
			isa = PBXGroup;
			children = (
				3AF5DBF629DB6C180035919F /* GithubFetchUITests.swift */,
				3AF5DBF829DB6C180035919F /* GithubFetchUITestsLaunchTests.swift */,
			);
			path = GithubFetchUITests;
			sourceTree = "<group>";
		};
/* End PBXGroup section */

/* Begin PBXNativeTarget section */
		3AF5DBD129DB6C170035919F /* GithubFetch */ = {
			isa = PBXNativeTarget;
			buildConfigurationList = 3AF5DBFC29DB6C180035919F /* Build configuration list for PBXNativeTarget "GithubFetch" */;
			buildPhases = (
				3AF5DBCE29DB6C170035919F /* Sources */,
				3AF5DBCF29DB6C170035919F /* Frameworks */,
				3AF5DBD029DB6C170035919F /* Resources */,
			);
			buildRules = (
			);
			dependencies = (
			);
			name = GithubFetch;
			productName = GithubFetch;
			productReference = 3AF5DBD229DB6C170035919F /* GithubFetch.app */;
			productType = "com.apple.product-type.application";
		};
		3AF5DBE729DB6C180035919F /* GithubFetchTests */ = {
			isa = PBXNativeTarget;
			buildConfigurationList = 3AF5DBFF29DB6C180035919F /* Build configuration list for PBXNativeTarget "GithubFetchTests" */;
			buildPhases = (
				3AF5DBE429DB6C180035919F /* Sources */,
				3AF5DBE529DB6C180035919F /* Frameworks */,
				3AF5DBE629DB6C180035919F /* Resources */,
			);
			buildRules = (
			);
			dependencies = (
				3AF5DBEA29DB6C180035919F /* PBXTargetDependency */,
			);
			name = GithubFetchTests;
			productName = GithubFetchTests;
			productReference = 3AF5DBE829DB6C180035919F /* GithubFetchTests.xctest */;
			productType = "com.apple.product-type.bundle.unit-test";
		};
		3AF5DBF129DB6C180035919F /* GithubFetchUITests */ = {
			isa = PBXNativeTarget;
			buildConfigurationList = 3AF5DC0229DB6C180035919F /* Build configuration list for PBXNativeTarget "GithubFetchUITests" */;
			buildPhases = (
				3AF5DBEE29DB6C180035919F /* Sources */,
				3AF5DBEF29DB6C180035919F /* Frameworks */,
				3AF5DBF029DB6C180035919F /* Resources */,
			);
			buildRules = (
			);
			dependencies = (
				3AF5DBF429DB6C180035919F /* PBXTargetDependency */,
			);
			name = GithubFetchUITests;
			productName = GithubFetchUITests;
			productReference = 3AF5DBF229DB6C180035919F /* GithubFetchUITests.xctest */;
			productType = "com.apple.product-type.bundle.ui-testing";
		};
/* End PBXNativeTarget section */

/* Begin PBXProject section */
		3AF5DBCA29DB6C170035919F /* Project object */ = {
			isa = PBXProject;
			attributes = {
				BuildIndependentTargetsInParallel = 1;
				LastSwiftUpdateCheck = 1420;
				LastUpgradeCheck = 1420;
				TargetAttributes = {
					3AF5DBD129DB6C170035919F = {
						CreatedOnToolsVersion = 14.2;
					};
					3AF5DBE729DB6C180035919F = {
						CreatedOnToolsVersion = 14.2;
						TestTargetID = 3AF5DBD129DB6C170035919F;
					};
					3AF5DBF129DB6C180035919F = {
						CreatedOnToolsVersion = 14.2;
						TestTargetID = 3AF5DBD129DB6C170035919F;
					};
				};
			};
			buildConfigurationList = 3AF5DBCD29DB6C170035919F /* Build configuration list for PBXProject "GithubFetch" */;
			compatibilityVersion = "Xcode 14.0";
			developmentRegion = en;
			hasScannedForEncodings = 0;
			knownRegions = (
				en,
				Base,
			);
			mainGroup = 3AF5DBC929DB6C170035919F;
			productRefGroup = 3AF5DBD329DB6C170035919F /* Products */;
			projectDirPath = "";
			projectRoot = "";
			targets = (
				3AF5DBD129DB6C170035919F /* GithubFetch */,
				3AF5DBE729DB6C180035919F /* GithubFetchTests */,
				3AF5DBF129DB6C180035919F /* GithubFetchUITests */,
			);
		};
/* End PBXProject section */

/* Begin PBXResourcesBuildPhase section */
		3AF5DBD029DB6C170035919F /* Resources */ = {
			isa = PBXResourcesBuildPhase;
			buildActionMask = 2147483647;
			files = (
				3AF5DBE229DB6C180035919F /* LaunchScreen.storyboard in Resources */,
				3AF5DBDF29DB6C180035919F /* Assets.xcassets in Resources */,
				3AF5DBDD29DB6C170035919F /* Main.storyboard in Resources */,
			);
			runOnlyForDeploymentPostprocessing = 0;
		};
		3AF5DBE629DB6C180035919F /* Resources */ = {
			isa = PBXResourcesBuildPhase;
			buildActionMask = 2147483647;
			files = (
			);
			runOnlyForDeploymentPostprocessing = 0;
		};
		3AF5DBF029DB6C180035919F /* Resources */ = {
			isa = PBXResourcesBuildPhase;
			buildActionMask = 2147483647;
			files = (
			);
			runOnlyForDeploymentPostprocessing = 0;
		};
/* End PBXResourcesBuildPhase section */

/* Begin PBXSourcesBuildPhase section */
		3AF5DBCE29DB6C170035919F /* Sources */ = {
			isa = PBXSourcesBuildPhase;
			buildActionMask = 2147483647;
			files = (
				3AF5DC1029DE4C080035919F /* DataStore.swift in Sources */,
				3AF5DC0C29DE443C0035919F /* URLRequestHandler.swift in Sources */,
				3AF5DBDA29DB6C170035919F /* ViewController.swift in Sources */,
				3AF5DBD629DB6C170035919F /* AppDelegate.swift in Sources */,
				3AF5DBD829DB6C170035919F /* SceneDelegate.swift in Sources */,
				3AF5DC0829DCC5F20035919F /* OrgsLogoCache.swift in Sources */,
				3AF5DC0629DB73410035919F /* DataController.swift in Sources */,
			);
			runOnlyForDeploymentPostprocessing = 0;
		};
		3AF5DBE429DB6C180035919F /* Sources */ = {
			isa = PBXSourcesBuildPhase;
			buildActionMask = 2147483647;
			files = (
				3AF5DC0D29DE443C0035919F /* URLRequestHandler.swift in Sources */,
				3AF5DC1129DE4C080035919F /* DataStore.swift in Sources */,
				3AF5DBED29DB6C180035919F /* GithubFetchTests.swift in Sources */,
				3AF5DC0929DCC5F20035919F /* OrgsLogoCache.swift in Sources */,
			);
			runOnlyForDeploymentPostprocessing = 0;
		};
		3AF5DBEE29DB6C180035919F /* Sources */ = {
			isa = PBXSourcesBuildPhase;
			buildActionMask = 2147483647;
			files = (
				3AF5DC0E29DE443C0035919F /* URLRequestHandler.swift in Sources */,
				3AF5DBF929DB6C180035919F /* GithubFetchUITestsLaunchTests.swift in Sources */,
				3AF5DBF729DB6C180035919F /* GithubFetchUITests.swift in Sources */,
				3AF5DC1229DE4C080035919F /* DataStore.swift in Sources */,
				3AF5DC0A29DCC5F20035919F /* OrgsLogoCache.swift in Sources */,
			);
			runOnlyForDeploymentPostprocessing = 0;
		};
/* End PBXSourcesBuildPhase section */

/* Begin PBXTargetDependency section */
		3AF5DBEA29DB6C180035919F /* PBXTargetDependency */ = {
			isa = PBXTargetDependency;
			target = 3AF5DBD129DB6C170035919F /* GithubFetch */;
			targetProxy = 3AF5DBE929DB6C180035919F /* PBXContainerItemProxy */;
		};
		3AF5DBF429DB6C180035919F /* PBXTargetDependency */ = {
			isa = PBXTargetDependency;
			target = 3AF5DBD129DB6C170035919F /* GithubFetch */;
			targetProxy = 3AF5DBF329DB6C180035919F /* PBXContainerItemProxy */;
		};
/* End PBXTargetDependency section */

/* Begin PBXVariantGroup section */
		3AF5DBDB29DB6C170035919F /* Main.storyboard */ = {
			isa = PBXVariantGroup;
			children = (
				3AF5DBDC29DB6C170035919F /* Base */,
			);
			name = Main.storyboard;
			sourceTree = "<group>";
		};
		3AF5DBE029DB6C180035919F /* LaunchScreen.storyboard */ = {
			isa = PBXVariantGroup;
			children = (
				3AF5DBE129DB6C180035919F /* Base */,
			);
			name = LaunchScreen.storyboard;
			sourceTree = "<group>";
		};
/* End PBXVariantGroup section */

/* Begin XCBuildConfiguration section */
		3AF5DBFA29DB6C180035919F /* Debug */ = {
			isa = XCBuildConfiguration;
			buildSettings = {
				ALWAYS_SEARCH_USER_PATHS = NO;
				CLANG_ANALYZER_NONNULL = YES;
				CLANG_ANALYZER_NUMBER_OBJECT_CONVERSION = YES_AGGRESSIVE;
				CLANG_CXX_LANGUAGE_STANDARD = "gnu++20";
				CLANG_ENABLE_MODULES = YES;
				CLANG_ENABLE_OBJC_ARC = YES;
				CLANG_ENABLE_OBJC_WEAK = YES;
				CLANG_WARN_BLOCK_CAPTURE_AUTORELEASING = YES;
				CLANG_WARN_BOOL_CONVERSION = YES;
				CLANG_WARN_COMMA = YES;
				CLANG_WARN_CONSTANT_CONVERSION = YES;
				CLANG_WARN_DEPRECATED_OBJC_IMPLEMENTATIONS = YES;
				CLANG_WARN_DIRECT_OBJC_ISA_USAGE = YES_ERROR;
				CLANG_WARN_DOCUMENTATION_COMMENTS = YES;
				CLANG_WARN_EMPTY_BODY = YES;
				CLANG_WARN_ENUM_CONVERSION = YES;
				CLANG_WARN_INFINITE_RECURSION = YES;
				CLANG_WARN_INT_CONVERSION = YES;
				CLANG_WARN_NON_LITERAL_NULL_CONVERSION = YES;
				CLANG_WARN_OBJC_IMPLICIT_RETAIN_SELF = YES;
				CLANG_WARN_OBJC_LITERAL_CONVERSION = YES;
				CLANG_WARN_OBJC_ROOT_CLASS = YES_ERROR;
				CLANG_WARN_QUOTED_INCLUDE_IN_FRAMEWORK_HEADER = YES;
				CLANG_WARN_RANGE_LOOP_ANALYSIS = YES;
				CLANG_WARN_STRICT_PROTOTYPES = YES;
				CLANG_WARN_SUSPICIOUS_MOVE = YES;
				CLANG_WARN_UNGUARDED_AVAILABILITY = YES_AGGRESSIVE;
				CLANG_WARN_UNREACHABLE_CODE = YES;
				CLANG_WARN__DUPLICATE_METHOD_MATCH = YES;
				COPY_PHASE_STRIP = NO;
				DEBUG_INFORMATION_FORMAT = dwarf;
				ENABLE_STRICT_OBJC_MSGSEND = YES;
				ENABLE_TESTABILITY = YES;
				GCC_C_LANGUAGE_STANDARD = gnu11;
				GCC_DYNAMIC_NO_PIC = NO;
				GCC_NO_COMMON_BLOCKS = YES;
				GCC_OPTIMIZATION_LEVEL = 0;
				GCC_PREPROCESSOR_DEFINITIONS = (
					"DEBUG=1",
					"$(inherited)",
				);
				GCC_WARN_64_TO_32_BIT_CONVERSION = YES;
				GCC_WARN_ABOUT_RETURN_TYPE = YES_ERROR;
				GCC_WARN_UNDECLARED_SELECTOR = YES;
				GCC_WARN_UNINITIALIZED_AUTOS = YES_AGGRESSIVE;
				GCC_WARN_UNUSED_FUNCTION = YES;
				GCC_WARN_UNUSED_VARIABLE = YES;
				IPHONEOS_DEPLOYMENT_TARGET = 16.2;
				MTL_ENABLE_DEBUG_INFO = INCLUDE_SOURCE;
				MTL_FAST_MATH = YES;
				ONLY_ACTIVE_ARCH = YES;
				SDKROOT = iphoneos;
				SWIFT_ACTIVE_COMPILATION_CONDITIONS = DEBUG;
				SWIFT_OPTIMIZATION_LEVEL = "-Onone";
			};
			name = Debug;
		};
		3AF5DBFB29DB6C180035919F /* Release */ = {
			isa = XCBuildConfiguration;
			buildSettings = {
				ALWAYS_SEARCH_USER_PATHS = NO;
				CLANG_ANALYZER_NONNULL = YES;
				CLANG_ANALYZER_NUMBER_OBJECT_CONVERSION = YES_AGGRESSIVE;
				CLANG_CXX_LANGUAGE_STANDARD = "gnu++20";
				CLANG_ENABLE_MODULES = YES;
				CLANG_ENABLE_OBJC_ARC = YES;
				CLANG_ENABLE_OBJC_WEAK = YES;
				CLANG_WARN_BLOCK_CAPTURE_AUTORELEASING = YES;
				CLANG_WARN_BOOL_CONVERSION = YES;
				CLANG_WARN_COMMA = YES;
				CLANG_WARN_CONSTANT_CONVERSION = YES;
				CLANG_WARN_DEPRECATED_OBJC_IMPLEMENTATIONS = YES;
				CLANG_WARN_DIRECT_OBJC_ISA_USAGE = YES_ERROR;
				CLANG_WARN_DOCUMENTATION_COMMENTS = YES;
				CLANG_WARN_EMPTY_BODY = YES;
				CLANG_WARN_ENUM_CONVERSION = YES;
				CLANG_WARN_INFINITE_RECURSION = YES;
				CLANG_WARN_INT_CONVERSION = YES;
				CLANG_WARN_NON_LITERAL_NULL_CONVERSION = YES;
				CLANG_WARN_OBJC_IMPLICIT_RETAIN_SELF = YES;
				CLANG_WARN_OBJC_LITERAL_CONVERSION = YES;
				CLANG_WARN_OBJC_ROOT_CLASS = YES_ERROR;
				CLANG_WARN_QUOTED_INCLUDE_IN_FRAMEWORK_HEADER = YES;
				CLANG_WARN_RANGE_LOOP_ANALYSIS = YES;
				CLANG_WARN_STRICT_PROTOTYPES = YES;
				CLANG_WARN_SUSPICIOUS_MOVE = YES;
				CLANG_WARN_UNGUARDED_AVAILABILITY = YES_AGGRESSIVE;
				CLANG_WARN_UNREACHABLE_CODE = YES;
				CLANG_WARN__DUPLICATE_METHOD_MATCH = YES;
				COPY_PHASE_STRIP = NO;
				DEBUG_INFORMATION_FORMAT = "dwarf-with-dsym";
				ENABLE_NS_ASSERTIONS = NO;
				ENABLE_STRICT_OBJC_MSGSEND = YES;
				GCC_C_LANGUAGE_STANDARD = gnu11;
				GCC_NO_COMMON_BLOCKS = YES;
				GCC_WARN_64_TO_32_BIT_CONVERSION = YES;
				GCC_WARN_ABOUT_RETURN_TYPE = YES_ERROR;
				GCC_WARN_UNDECLARED_SELECTOR = YES;
				GCC_WARN_UNINITIALIZED_AUTOS = YES_AGGRESSIVE;
				GCC_WARN_UNUSED_FUNCTION = YES;
				GCC_WARN_UNUSED_VARIABLE = YES;
				IPHONEOS_DEPLOYMENT_TARGET = 16.2;
				MTL_ENABLE_DEBUG_INFO = NO;
				MTL_FAST_MATH = YES;
				SDKROOT = iphoneos;
				SWIFT_COMPILATION_MODE = wholemodule;
				SWIFT_OPTIMIZATION_LEVEL = "-O";
				VALIDATE_PRODUCT = YES;
			};
			name = Release;
		};
		3AF5DBFD29DB6C180035919F /* Debug */ = {
			isa = XCBuildConfiguration;
			buildSettings = {
				ASSETCATALOG_COMPILER_APPICON_NAME = AppIcon;
				ASSETCATALOG_COMPILER_GLOBAL_ACCENT_COLOR_NAME = AccentColor;
				CODE_SIGN_STYLE = Automatic;
				CURRENT_PROJECT_VERSION = 1;
				DEVELOPMENT_TEAM = 2X8K8GNKYA;
				GENERATE_INFOPLIST_FILE = YES;
				INFOPLIST_FILE = GithubFetch/Info.plist;
				INFOPLIST_KEY_UIApplicationSupportsIndirectInputEvents = YES;
				INFOPLIST_KEY_UILaunchStoryboardName = LaunchScreen;
				INFOPLIST_KEY_UIMainStoryboardFile = Main;
				INFOPLIST_KEY_UISupportedInterfaceOrientations_iPad = "UIInterfaceOrientationPortrait UIInterfaceOrientationPortraitUpsideDown UIInterfaceOrientationLandscapeLeft UIInterfaceOrientationLandscapeRight";
				INFOPLIST_KEY_UISupportedInterfaceOrientations_iPhone = "UIInterfaceOrientationPortrait UIInterfaceOrientationLandscapeLeft UIInterfaceOrientationLandscapeRight";
				LD_RUNPATH_SEARCH_PATHS = (
					"$(inherited)",
					"@executable_path/Frameworks",
				);
				MARKETING_VERSION = 1.0;
				PRODUCT_BUNDLE_IDENTIFIER = com.tugolukov.GithubFetch;
				PRODUCT_NAME = "$(TARGET_NAME)";
				SWIFT_EMIT_LOC_STRINGS = YES;
				SWIFT_VERSION = 5.0;
				TARGETED_DEVICE_FAMILY = "1,2";
			};
			name = Debug;
		};
		3AF5DBFE29DB6C180035919F /* Release */ = {
			isa = XCBuildConfiguration;
			buildSettings = {
				ASSETCATALOG_COMPILER_APPICON_NAME = AppIcon;
				ASSETCATALOG_COMPILER_GLOBAL_ACCENT_COLOR_NAME = AccentColor;
				CODE_SIGN_STYLE = Automatic;
				CURRENT_PROJECT_VERSION = 1;
				DEVELOPMENT_TEAM = 2X8K8GNKYA;
				GENERATE_INFOPLIST_FILE = YES;
				INFOPLIST_FILE = GithubFetch/Info.plist;
				INFOPLIST_KEY_UIApplicationSupportsIndirectInputEvents = YES;
				INFOPLIST_KEY_UILaunchStoryboardName = LaunchScreen;
				INFOPLIST_KEY_UIMainStoryboardFile = Main;
				INFOPLIST_KEY_UISupportedInterfaceOrientations_iPad = "UIInterfaceOrientationPortrait UIInterfaceOrientationPortraitUpsideDown UIInterfaceOrientationLandscapeLeft UIInterfaceOrientationLandscapeRight";
				INFOPLIST_KEY_UISupportedInterfaceOrientations_iPhone = "UIInterfaceOrientationPortrait UIInterfaceOrientationLandscapeLeft UIInterfaceOrientationLandscapeRight";
				LD_RUNPATH_SEARCH_PATHS = (
					"$(inherited)",
					"@executable_path/Frameworks",
				);
				MARKETING_VERSION = 1.0;
				PRODUCT_BUNDLE_IDENTIFIER = com.tugolukov.GithubFetch;
				PRODUCT_NAME = "$(TARGET_NAME)";
				SWIFT_EMIT_LOC_STRINGS = YES;
				SWIFT_VERSION = 5.0;
				TARGETED_DEVICE_FAMILY = "1,2";
			};
			name = Release;
		};
		3AF5DC0029DB6C180035919F /* Debug */ = {
			isa = XCBuildConfiguration;
			buildSettings = {
				ALWAYS_EMBED_SWIFT_STANDARD_LIBRARIES = YES;
				BUNDLE_LOADER = "$(TEST_HOST)";
				CODE_SIGN_STYLE = Automatic;
				CURRENT_PROJECT_VERSION = 1;
				DEVELOPMENT_TEAM = 2X8K8GNKYA;
				GENERATE_INFOPLIST_FILE = YES;
				IPHONEOS_DEPLOYMENT_TARGET = 16.2;
				MARKETING_VERSION = 1.0;
				PRODUCT_BUNDLE_IDENTIFIER = com.tugolukov.GithubFetchTests;
				PRODUCT_NAME = "$(TARGET_NAME)";
				SWIFT_EMIT_LOC_STRINGS = NO;
				SWIFT_VERSION = 5.0;
				TARGETED_DEVICE_FAMILY = "1,2";
				TEST_HOST = "$(BUILT_PRODUCTS_DIR)/GithubFetch.app/$(BUNDLE_EXECUTABLE_FOLDER_PATH)/GithubFetch";
			};
			name = Debug;
		};
		3AF5DC0129DB6C180035919F /* Release */ = {
			isa = XCBuildConfiguration;
			buildSettings = {
				ALWAYS_EMBED_SWIFT_STANDARD_LIBRARIES = YES;
				BUNDLE_LOADER = "$(TEST_HOST)";
				CODE_SIGN_STYLE = Automatic;
				CURRENT_PROJECT_VERSION = 1;
				DEVELOPMENT_TEAM = 2X8K8GNKYA;
				GENERATE_INFOPLIST_FILE = YES;
				IPHONEOS_DEPLOYMENT_TARGET = 16.2;
				MARKETING_VERSION = 1.0;
				PRODUCT_BUNDLE_IDENTIFIER = com.tugolukov.GithubFetchTests;
				PRODUCT_NAME = "$(TARGET_NAME)";
				SWIFT_EMIT_LOC_STRINGS = NO;
				SWIFT_VERSION = 5.0;
				TARGETED_DEVICE_FAMILY = "1,2";
				TEST_HOST = "$(BUILT_PRODUCTS_DIR)/GithubFetch.app/$(BUNDLE_EXECUTABLE_FOLDER_PATH)/GithubFetch";
			};
			name = Release;
		};
		3AF5DC0329DB6C180035919F /* Debug */ = {
			isa = XCBuildConfiguration;
			buildSettings = {
				ALWAYS_EMBED_SWIFT_STANDARD_LIBRARIES = YES;
				CODE_SIGN_STYLE = Automatic;
				CURRENT_PROJECT_VERSION = 1;
				DEVELOPMENT_TEAM = 2X8K8GNKYA;
				GENERATE_INFOPLIST_FILE = YES;
				MARKETING_VERSION = 1.0;
				PRODUCT_BUNDLE_IDENTIFIER = com.tugolukov.GithubFetchUITests;
				PRODUCT_NAME = "$(TARGET_NAME)";
				SWIFT_EMIT_LOC_STRINGS = NO;
				SWIFT_VERSION = 5.0;
				TARGETED_DEVICE_FAMILY = "1,2";
				TEST_TARGET_NAME = GithubFetch;
			};
			name = Debug;
		};
		3AF5DC0429DB6C180035919F /* Release */ = {
			isa = XCBuildConfiguration;
			buildSettings = {
				ALWAYS_EMBED_SWIFT_STANDARD_LIBRARIES = YES;
				CODE_SIGN_STYLE = Automatic;
				CURRENT_PROJECT_VERSION = 1;
				DEVELOPMENT_TEAM = 2X8K8GNKYA;
				GENERATE_INFOPLIST_FILE = YES;
				MARKETING_VERSION = 1.0;
				PRODUCT_BUNDLE_IDENTIFIER = com.tugolukov.GithubFetchUITests;
				PRODUCT_NAME = "$(TARGET_NAME)";
				SWIFT_EMIT_LOC_STRINGS = NO;
				SWIFT_VERSION = 5.0;
				TARGETED_DEVICE_FAMILY = "1,2";
				TEST_TARGET_NAME = GithubFetch;
			};
			name = Release;
		};
/* End XCBuildConfiguration section */

/* Begin XCConfigurationList section */
		3AF5DBCD29DB6C170035919F /* Build configuration list for PBXProject "GithubFetch" */ = {
			isa = XCConfigurationList;
			buildConfigurations = (
				3AF5DBFA29DB6C180035919F /* Debug */,
				3AF5DBFB29DB6C180035919F /* Release */,
			);
			defaultConfigurationIsVisible = 0;
			defaultConfigurationName = Release;
		};
		3AF5DBFC29DB6C180035919F /* Build configuration list for PBXNativeTarget "GithubFetch" */ = {
			isa = XCConfigurationList;
			buildConfigurations = (
				3AF5DBFD29DB6C180035919F /* Debug */,
				3AF5DBFE29DB6C180035919F /* Release */,
			);
			defaultConfigurationIsVisible = 0;
			defaultConfigurationName = Release;
		};
		3AF5DBFF29DB6C180035919F /* Build configuration list for PBXNativeTarget "GithubFetchTests" */ = {
			isa = XCConfigurationList;
			buildConfigurations = (
				3AF5DC0029DB6C180035919F /* Debug */,
				3AF5DC0129DB6C180035919F /* Release */,
			);
			defaultConfigurationIsVisible = 0;
			defaultConfigurationName = Release;
		};
		3AF5DC0229DB6C180035919F /* Build configuration list for PBXNativeTarget "GithubFetchUITests" */ = {
			isa = XCConfigurationList;
			buildConfigurations = (
				3AF5DC0329DB6C180035919F /* Debug */,
				3AF5DC0429DB6C180035919F /* Release */,
			);
			defaultConfigurationIsVisible = 0;
			defaultConfigurationName = Release;
		};
/* End XCConfigurationList section */
	};
	rootObject = 3AF5DBCA29DB6C170035919F /* Project object */;
}
